
Microsoft Visual Studio Solution File, Format Version 12.00
# Visual Studio Version 17
VisualStudioVersion = 17.5.33627.172
MinimumVisualStudioVersion = 10.0.40219.1
Project("{FAE04EC0-301F-11D3-BF4B-00C04F79EFBC}") = "RevitProjectSearch", "RevitProjectSearch\RevitProjectSearch.csproj", "{61F67194-1B67-48F3-BE9A-3FA166A61E63}"
EndProject
Global
	GlobalSection(SolutionConfigurationPlatforms) = preSolution
		Debug|Any CPU = Debug|Any CPU
		Release|Any CPU = Release|Any CPU
	EndGlobalSection
	GlobalSection(ProjectConfigurationPlatforms) = postSolution
		{61F67194-1B67-48F3-BE9A-3FA166A61E63}.Debug|Any CPU.ActiveCfg = Debug|Any CPU
		{61F67194-1B67-48F3-BE9A-3FA166A61E63}.Debug|Any CPU.Build.0 = Debug|Any CPU
		{61F67194-1B67-48F3-BE9A-3FA166A61E63}.Release|Any CPU.ActiveCfg = Release|Any CPU
		{61F67194-1B67-48F3-BE9A-3FA166A61E63}.Release|Any CPU.Build.0 = Release|Any CPU
	EndGlobalSection
	GlobalSection(SolutionProperties) = preSolution
		HideSolutionNode = FALSE
	EndGlobalSection
	GlobalSection(ExtensibilityGlobals) = postSolution
		SolutionGuid = {9C6B3A16-19A3-4ADF-BD5E-42FE5798F44E}
	EndGlobalSection
EndGlobal
